
Microsoft Visual Studio Solution File, Format Version 12.00
# Visual Studio Version 17
VisualStudioVersion = 17.13.35931.197
MinimumVisualStudioVersion = 10.0.40219.1
Project("{FAE04EC0-301F-11D3-BF4B-00C04F79EFBC}") = "RaftLabs.UserClient", "RaftLabs.UserClient\RaftLabs.UserClient.csproj", "{2FAE1559-F3D9-441D-989C-8712FB62D42C}"
EndProject
Project("{FAE04EC0-301F-11D3-BF4B-00C04F79EFBC}") = "RaftLabs.UserClient.Tests", "RaftLabs.UserClient.Tests\RaftLabs.UserClient.Tests.csproj", "{061FA24F-553A-4D2F-9796-0059315E8934}"
EndProject
Project("{FAE04EC0-301F-11D3-BF4B-00C04F79EFBC}") = "RaftLabs.ConsoleDemo", "RaftLabs.ConsoleDemo\RaftLabs.ConsoleDemo.csproj", "{6C5E2B66-A648-453F-B1B8-5ED797FFC7F2}"
EndProject
Global
	GlobalSection(SolutionConfigurationPlatforms) = preSolution
		Debug|Any CPU = Debug|Any CPU
		Release|Any CPU = Release|Any CPU
	EndGlobalSection
	GlobalSection(ProjectConfigurationPlatforms) = postSolution
		{2FAE1559-F3D9-441D-989C-8712FB62D42C}.Debug|Any CPU.ActiveCfg = Debug|Any CPU
		{2FAE1559-F3D9-441D-989C-8712FB62D42C}.Debug|Any CPU.Build.0 = Debug|Any CPU
		{2FAE1559-F3D9-441D-989C-8712FB62D42C}.Release|Any CPU.ActiveCfg = Release|Any CPU
		{2FAE1559-F3D9-441D-989C-8712FB62D42C}.Release|Any CPU.Build.0 = Release|Any CPU
		{061FA24F-553A-4D2F-9796-0059315E8934}.Debug|Any CPU.ActiveCfg = Debug|Any CPU
		{061FA24F-553A-4D2F-9796-0059315E8934}.Debug|Any CPU.Build.0 = Debug|Any CPU
		{061FA24F-553A-4D2F-9796-0059315E8934}.Release|Any CPU.ActiveCfg = Release|Any CPU
		{061FA24F-553A-4D2F-9796-0059315E8934}.Release|Any CPU.Build.0 = Release|Any CPU
		{6C5E2B66-A648-453F-B1B8-5ED797FFC7F2}.Debug|Any CPU.ActiveCfg = Debug|Any CPU
		{6C5E2B66-A648-453F-B1B8-5ED797FFC7F2}.Debug|Any CPU.Build.0 = Debug|Any CPU
		{6C5E2B66-A648-453F-B1B8-5ED797FFC7F2}.Release|Any CPU.ActiveCfg = Release|Any CPU
		{6C5E2B66-A648-453F-B1B8-5ED797FFC7F2}.Release|Any CPU.Build.0 = Release|Any CPU
	EndGlobalSection
	GlobalSection(SolutionProperties) = preSolution
		HideSolutionNode = FALSE
	EndGlobalSection
	GlobalSection(ExtensibilityGlobals) = postSolution
		SolutionGuid = {F8E3C34D-A7B3-4737-8E24-7CC6AC662C8B}
	EndGlobalSection
EndGlobal
